
Microsoft Visual Studio Solution File, Format Version 12.00
# Visual Studio Version 16
VisualStudioVersion = 16.0.31605.320
MinimumVisualStudioVersion = 10.0.40219.1
Project("{9A19103F-16F7-4668-BE54-9A1E7A4F7556}") = "SoftwareCompanyTicketSystem.App", "SoftwareCompanyTicketSystem.App\SoftwareCompanyTicketSystem.App.csproj", "{5905E50F-584D-44D6-A934-80A7ED021D71}"
EndProject
Project("{9A19103F-16F7-4668-BE54-9A1E7A4F7556}") = "SoftwareCompanyTicketSystem.Data", "SoftwareCompanyTicketSystem.Data\SoftwareCompanyTicketSystem.Data.csproj", "{C1EC5776-BF12-43C3-B914-3C550C168450}"
EndProject
Project("{9A19103F-16F7-4668-BE54-9A1E7A4F7556}") = "SoftwareCompanyTicketSystem.Models", "SoftwareCompanyTicketSystem.Models\SoftwareCompanyTicketSystem.Models.csproj", "{20E1B271-AC03-4F96-87EB-24B8A83550F4}"
EndProject
Global
	GlobalSection(SolutionConfigurationPlatforms) = preSolution
		Debug|Any CPU = Debug|Any CPU
		Release|Any CPU = Release|Any CPU
	EndGlobalSection
	GlobalSection(ProjectConfigurationPlatforms) = postSolution
		{5905E50F-584D-44D6-A934-80A7ED021D71}.Debug|Any CPU.ActiveCfg = Debug|Any CPU
		{5905E50F-584D-44D6-A934-80A7ED021D71}.Debug|Any CPU.Build.0 = Debug|Any CPU
		{5905E50F-584D-44D6-A934-80A7ED021D71}.Release|Any CPU.ActiveCfg = Release|Any CPU
		{5905E50F-584D-44D6-A934-80A7ED021D71}.Release|Any CPU.Build.0 = Release|Any CPU
		{C1EC5776-BF12-43C3-B914-3C550C168450}.Debug|Any CPU.ActiveCfg = Debug|Any CPU
		{C1EC5776-BF12-43C3-B914-3C550C168450}.Debug|Any CPU.Build.0 = Debug|Any CPU
		{C1EC5776-BF12-43C3-B914-3C550C168450}.Release|Any CPU.ActiveCfg = Release|Any CPU
		{C1EC5776-BF12-43C3-B914-3C550C168450}.Release|Any CPU.Build.0 = Release|Any CPU
		{20E1B271-AC03-4F96-87EB-24B8A83550F4}.Debug|Any CPU.ActiveCfg = Debug|Any CPU
		{20E1B271-AC03-4F96-87EB-24B8A83550F4}.Debug|Any CPU.Build.0 = Debug|Any CPU
		{20E1B271-AC03-4F96-87EB-24B8A83550F4}.Release|Any CPU.ActiveCfg = Release|Any CPU
		{20E1B271-AC03-4F96-87EB-24B8A83550F4}.Release|Any CPU.Build.0 = Release|Any CPU
	EndGlobalSection
	GlobalSection(SolutionProperties) = preSolution
		HideSolutionNode = FALSE
	EndGlobalSection
	GlobalSection(ExtensibilityGlobals) = postSolution
		SolutionGuid = {1791B84E-C01A-4261-B0E7-DE07DA71AC95}
	EndGlobalSection
EndGlobal
